// !$*UTF8*$!
{
	archiveVersion = 1;
	classes = {
	};
	objectVersion = 50;
	objects = {

/* Begin PBXBuildFile section */
		3A46195026F4E405000ABA67 /* ListsCollectionViewCell.swift in Sources */ = {isa = PBXBuildFile; fileRef = 3A46194E26F4E405000ABA67 /* ListsCollectionViewCell.swift */; };
		3A46195126F4E405000ABA67 /* ListsCollectionViewCell.xib in Resources */ = {isa = PBXBuildFile; fileRef = 3A46194F26F4E405000ABA67 /* ListsCollectionViewCell.xib */; };
		3A46195426F4E6CC000ABA67 /* MainTableViewController.swift in Sources */ = {isa = PBXBuildFile; fileRef = 3A46195326F4E6CC000ABA67 /* MainTableViewController.swift */; };
		3A85F01726F6919D00FA29F7 /* UserModel.swift in Sources */ = {isa = PBXBuildFile; fileRef = 3A85F01626F6919D00FA29F7 /* UserModel.swift */; };
		3A85F01A26F69C8600FA29F7 /* ListTableViewController.swift in Sources */ = {isa = PBXBuildFile; fileRef = 3A85F01926F69C8600FA29F7 /* ListTableViewController.swift */; };
		3A85F01E26F6A67E00FA29F7 /* TickerViewController.swift in Sources */ = {isa = PBXBuildFile; fileRef = 3A85F01D26F6A67E00FA29F7 /* TickerViewController.swift */; };
		3A99700E26FBFBBD00FA71D1 /* CustomHeader.swift in Sources */ = {isa = PBXBuildFile; fileRef = 3A99700D26FBFBBD00FA71D1 /* CustomHeader.swift */; };
		3AC5893B26E818130032C58C /* AppDelegate.swift in Sources */ = {isa = PBXBuildFile; fileRef = 3AC5893A26E818130032C58C /* AppDelegate.swift */; };
		3AC5893D26E818130032C58C /* SceneDelegate.swift in Sources */ = {isa = PBXBuildFile; fileRef = 3AC5893C26E818130032C58C /* SceneDelegate.swift */; };
		3AC5894226E818130032C58C /* Main.storyboard in Resources */ = {isa = PBXBuildFile; fileRef = 3AC5894026E818130032C58C /* Main.storyboard */; };
		3AC5894526E818130032C58C /* ByrdInvest.xcdatamodeld in Sources */ = {isa = PBXBuildFile; fileRef = 3AC5894326E818130032C58C /* ByrdInvest.xcdatamodeld */; };
		3AC5894726E818150032C58C /* Assets.xcassets in Resources */ = {isa = PBXBuildFile; fileRef = 3AC5894626E818150032C58C /* Assets.xcassets */; };
		3AC5894A26E818150032C58C /* LaunchScreen.storyboard in Resources */ = {isa = PBXBuildFile; fileRef = 3AC5894826E818150032C58C /* LaunchScreen.storyboard */; };
		3AC5895526E818150032C58C /* ByrdInvestTests.swift in Sources */ = {isa = PBXBuildFile; fileRef = 3AC5895426E818150032C58C /* ByrdInvestTests.swift */; };
		3AC5896026E818150032C58C /* ByrdInvestUITests.swift in Sources */ = {isa = PBXBuildFile; fileRef = 3AC5895F26E818150032C58C /* ByrdInvestUITests.swift */; };
		3AC5897326E81C390032C58C /* IEXModels.swift in Sources */ = {isa = PBXBuildFile; fileRef = 3AC5897226E81C390032C58C /* IEXModels.swift */; };
		3AC5897E26E8BD850032C58C /* TickerPreviewCell.swift in Sources */ = {isa = PBXBuildFile; fileRef = 3AC5897C26E8BD850032C58C /* TickerPreviewCell.swift */; };
		3AC5897F26E8BD850032C58C /* TickerPreviewCell.xib in Resources */ = {isa = PBXBuildFile; fileRef = 3AC5897D26E8BD850032C58C /* TickerPreviewCell.xib */; };
		3ACD94D126F5599C00786132 /* HeaderCell.swift in Sources */ = {isa = PBXBuildFile; fileRef = 3ACD94CF26F5599C00786132 /* HeaderCell.swift */; };
		3ACD94D226F5599C00786132 /* HeaderCell.xib in Resources */ = {isa = PBXBuildFile; fileRef = 3ACD94D026F5599C00786132 /* HeaderCell.xib */; };
		3AF8E21526F8B9EB00428974 /* APIManager.swift in Sources */ = {isa = PBXBuildFile; fileRef = 3AF8E21426F8B9EB00428974 /* APIManager.swift */; };
		3AF8E21726F8BA0B00428974 /* ErrorManager.swift in Sources */ = {isa = PBXBuildFile; fileRef = 3AF8E21626F8BA0A00428974 /* ErrorManager.swift */; };
		3AF8E21926F8BA4800428974 /* IEXAPIManager.swift in Sources */ = {isa = PBXBuildFile; fileRef = 3AF8E21826F8BA4800428974 /* IEXAPIManager.swift */; };
/* End PBXBuildFile section */

/* Begin PBXContainerItemProxy section */
		3AC5895126E818150032C58C /* PBXContainerItemProxy */ = {
			isa = PBXContainerItemProxy;
			containerPortal = 3AC5892F26E818130032C58C /* Project object */;
			proxyType = 1;
			remoteGlobalIDString = 3AC5893626E818130032C58C;
			remoteInfo = ByrdInvest;
		};
		3AC5895C26E818150032C58C /* PBXContainerItemProxy */ = {
			isa = PBXContainerItemProxy;
			containerPortal = 3AC5892F26E818130032C58C /* Project object */;
			proxyType = 1;
			remoteGlobalIDString = 3AC5893626E818130032C58C;
			remoteInfo = ByrdInvest;
		};
/* End PBXContainerItemProxy section */

/* Begin PBXFileReference section */
		3A46194E26F4E405000ABA67 /* ListsCollectionViewCell.swift */ = {isa = PBXFileReference; lastKnownFileType = sourcecode.swift; path = ListsCollectionViewCell.swift; sourceTree = "<group>"; };
		3A46194F26F4E405000ABA67 /* ListsCollectionViewCell.xib */ = {isa = PBXFileReference; lastKnownFileType = file.xib; path = ListsCollectionViewCell.xib; sourceTree = "<group>"; };
		3A46195326F4E6CC000ABA67 /* MainTableViewController.swift */ = {isa = PBXFileReference; lastKnownFileType = sourcecode.swift; path = MainTableViewController.swift; sourceTree = "<group>"; };
		3A85F01626F6919D00FA29F7 /* UserModel.swift */ = {isa = PBXFileReference; lastKnownFileType = sourcecode.swift; path = UserModel.swift; sourceTree = "<group>"; };
		3A85F01926F69C8600FA29F7 /* ListTableViewController.swift */ = {isa = PBXFileReference; lastKnownFileType = sourcecode.swift; path = ListTableViewController.swift; sourceTree = "<group>"; };
		3A85F01D26F6A67E00FA29F7 /* TickerViewController.swift */ = {isa = PBXFileReference; lastKnownFileType = sourcecode.swift; path = TickerViewController.swift; sourceTree = "<group>"; };
		3A99700D26FBFBBD00FA71D1 /* CustomHeader.swift */ = {isa = PBXFileReference; lastKnownFileType = sourcecode.swift; path = CustomHeader.swift; sourceTree = "<group>"; };
		3AC5893726E818130032C58C /* ByrdInvest.app */ = {isa = PBXFileReference; explicitFileType = wrapper.application; includeInIndex = 0; path = ByrdInvest.app; sourceTree = BUILT_PRODUCTS_DIR; };
		3AC5893A26E818130032C58C /* AppDelegate.swift */ = {isa = PBXFileReference; lastKnownFileType = sourcecode.swift; path = AppDelegate.swift; sourceTree = "<group>"; };
		3AC5893C26E818130032C58C /* SceneDelegate.swift */ = {isa = PBXFileReference; lastKnownFileType = sourcecode.swift; path = SceneDelegate.swift; sourceTree = "<group>"; };
		3AC5894126E818130032C58C /* Base */ = {isa = PBXFileReference; lastKnownFileType = file.storyboard; name = Base; path = Base.lproj/Main.storyboard; sourceTree = "<group>"; };
		3AC5894426E818130032C58C /* ByrdInvest.xcdatamodel */ = {isa = PBXFileReference; lastKnownFileType = wrapper.xcdatamodel; path = ByrdInvest.xcdatamodel; sourceTree = "<group>"; };
		3AC5894626E818150032C58C /* Assets.xcassets */ = {isa = PBXFileReference; lastKnownFileType = folder.assetcatalog; path = Assets.xcassets; sourceTree = "<group>"; };
		3AC5894926E818150032C58C /* Base */ = {isa = PBXFileReference; lastKnownFileType = file.storyboard; name = Base; path = Base.lproj/LaunchScreen.storyboard; sourceTree = "<group>"; };
		3AC5894B26E818150032C58C /* Info.plist */ = {isa = PBXFileReference; lastKnownFileType = text.plist.xml; path = Info.plist; sourceTree = "<group>"; };
		3AC5895026E818150032C58C /* ByrdInvestTests.xctest */ = {isa = PBXFileReference; explicitFileType = wrapper.cfbundle; includeInIndex = 0; path = ByrdInvestTests.xctest; sourceTree = BUILT_PRODUCTS_DIR; };
		3AC5895426E818150032C58C /* ByrdInvestTests.swift */ = {isa = PBXFileReference; lastKnownFileType = sourcecode.swift; path = ByrdInvestTests.swift; sourceTree = "<group>"; };
		3AC5895626E818150032C58C /* Info.plist */ = {isa = PBXFileReference; lastKnownFileType = text.plist.xml; path = Info.plist; sourceTree = "<group>"; };
		3AC5895B26E818150032C58C /* ByrdInvestUITests.xctest */ = {isa = PBXFileReference; explicitFileType = wrapper.cfbundle; includeInIndex = 0; path = ByrdInvestUITests.xctest; sourceTree = BUILT_PRODUCTS_DIR; };
		3AC5895F26E818150032C58C /* ByrdInvestUITests.swift */ = {isa = PBXFileReference; lastKnownFileType = sourcecode.swift; path = ByrdInvestUITests.swift; sourceTree = "<group>"; };
		3AC5896126E818150032C58C /* Info.plist */ = {isa = PBXFileReference; lastKnownFileType = text.plist.xml; path = Info.plist; sourceTree = "<group>"; };
		3AC5897226E81C390032C58C /* IEXModels.swift */ = {isa = PBXFileReference; lastKnownFileType = sourcecode.swift; path = IEXModels.swift; sourceTree = "<group>"; };
		3AC5897C26E8BD850032C58C /* TickerPreviewCell.swift */ = {isa = PBXFileReference; lastKnownFileType = sourcecode.swift; path = TickerPreviewCell.swift; sourceTree = "<group>"; };
		3AC5897D26E8BD850032C58C /* TickerPreviewCell.xib */ = {isa = PBXFileReference; lastKnownFileType = file.xib; path = TickerPreviewCell.xib; sourceTree = "<group>"; };
		3ACD94CF26F5599C00786132 /* HeaderCell.swift */ = {isa = PBXFileReference; lastKnownFileType = sourcecode.swift; path = HeaderCell.swift; sourceTree = "<group>"; };
		3ACD94D026F5599C00786132 /* HeaderCell.xib */ = {isa = PBXFileReference; lastKnownFileType = file.xib; path = HeaderCell.xib; sourceTree = "<group>"; };
		3AF8E21426F8B9EB00428974 /* APIManager.swift */ = {isa = PBXFileReference; lastKnownFileType = sourcecode.swift; path = APIManager.swift; sourceTree = "<group>"; };
		3AF8E21626F8BA0A00428974 /* ErrorManager.swift */ = {isa = PBXFileReference; lastKnownFileType = sourcecode.swift; path = ErrorManager.swift; sourceTree = "<group>"; };
		3AF8E21826F8BA4800428974 /* IEXAPIManager.swift */ = {isa = PBXFileReference; lastKnownFileType = sourcecode.swift; path = IEXAPIManager.swift; sourceTree = "<group>"; };
/* End PBXFileReference section */

/* Begin PBXFrameworksBuildPhase section */
		3AC5893426E818130032C58C /* Frameworks */ = {
			isa = PBXFrameworksBuildPhase;
			buildActionMask = 2147483647;
			files = (
			);
			runOnlyForDeploymentPostprocessing = 0;
		};
		3AC5894D26E818150032C58C /* Frameworks */ = {
			isa = PBXFrameworksBuildPhase;
			buildActionMask = 2147483647;
			files = (
			);
			runOnlyForDeploymentPostprocessing = 0;
		};
		3AC5895826E818150032C58C /* Frameworks */ = {
			isa = PBXFrameworksBuildPhase;
			buildActionMask = 2147483647;
			files = (
			);
			runOnlyForDeploymentPostprocessing = 0;
		};
/* End PBXFrameworksBuildPhase section */

/* Begin PBXGroup section */
		3A46194D26F4E3D1000ABA67 /* Lists Collection */ = {
			isa = PBXGroup;
			children = (
				3A46195226F4E68F000ABA67 /* Cell */,
			);
			path = "Lists Collection";
			sourceTree = "<group>";
		};
		3A46195226F4E68F000ABA67 /* Cell */ = {
			isa = PBXGroup;
			children = (
				3A46194E26F4E405000ABA67 /* ListsCollectionViewCell.swift */,
				3A46194F26F4E405000ABA67 /* ListsCollectionViewCell.xib */,
			);
			path = Cell;
			sourceTree = "<group>";
		};
		3A76843C26F3B20B00FA21B2 /* Main Table */ = {
			isa = PBXGroup;
			children = (
				3A46195326F4E6CC000ABA67 /* MainTableViewController.swift */,
				3AE55D4F26F5512D00BF5913 /* Ticker Preview */,
				3A46194D26F4E3D1000ABA67 /* Lists Collection */,
			);
			path = "Main Table";
			sourceTree = "<group>";
		};
		3A85F01826F69C5700FA29F7 /* Lists */ = {
			isa = PBXGroup;
			children = (
				3A85F01926F69C8600FA29F7 /* ListTableViewController.swift */,
			);
			path = Lists;
			sourceTree = "<group>";
		};
		3A85F01C26F6A66000FA29F7 /* TickerPage */ = {
			isa = PBXGroup;
			children = (
				3A85F01D26F6A67E00FA29F7 /* TickerViewController.swift */,
			);
			path = TickerPage;
			sourceTree = "<group>";
		};
		3AC5892E26E818130032C58C = {
			isa = PBXGroup;
			children = (
				3AC5893926E818130032C58C /* ByrdInvest */,
				3AC5895326E818150032C58C /* ByrdInvestTests */,
				3AC5895E26E818150032C58C /* ByrdInvestUITests */,
				3AC5893826E818130032C58C /* Products */,
			);
			sourceTree = "<group>";
		};
		3AC5893826E818130032C58C /* Products */ = {
			isa = PBXGroup;
			children = (
				3AC5893726E818130032C58C /* ByrdInvest.app */,
				3AC5895026E818150032C58C /* ByrdInvestTests.xctest */,
				3AC5895B26E818150032C58C /* ByrdInvestUITests.xctest */,
			);
			name = Products;
			sourceTree = "<group>";
		};
		3AC5893926E818130032C58C /* ByrdInvest */ = {
			isa = PBXGroup;
			children = (
				3AF8E21326F8B9DA00428974 /* Network */,
				3AC5897026E819080032C58C /* Models */,
				3AC5896D26E818BE0032C58C /* App */,
				3AC5896F26E818F40032C58C /* Controllers */,
				3AC5896E26E818E60032C58C /* Storyboards */,
				3AC5894626E818150032C58C /* Assets.xcassets */,
				3AC5894326E818130032C58C /* ByrdInvest.xcdatamodeld */,
			);
			path = ByrdInvest;
			sourceTree = "<group>";
		};
		3AC5895326E818150032C58C /* ByrdInvestTests */ = {
			isa = PBXGroup;
			children = (
				3AC5895426E818150032C58C /* ByrdInvestTests.swift */,
				3AC5895626E818150032C58C /* Info.plist */,
			);
			path = ByrdInvestTests;
			sourceTree = "<group>";
		};
		3AC5895E26E818150032C58C /* ByrdInvestUITests */ = {
			isa = PBXGroup;
			children = (
				3AC5895F26E818150032C58C /* ByrdInvestUITests.swift */,
				3AC5896126E818150032C58C /* Info.plist */,
			);
			path = ByrdInvestUITests;
			sourceTree = "<group>";
		};
		3AC5896D26E818BE0032C58C /* App */ = {
			isa = PBXGroup;
			children = (
				3AC5893A26E818130032C58C /* AppDelegate.swift */,
				3AC5893C26E818130032C58C /* SceneDelegate.swift */,
				3AC5894B26E818150032C58C /* Info.plist */,
			);
			path = App;
			sourceTree = "<group>";
		};
		3AC5896E26E818E60032C58C /* Storyboards */ = {
			isa = PBXGroup;
			children = (
				3AC5894026E818130032C58C /* Main.storyboard */,
				3AC5894826E818150032C58C /* LaunchScreen.storyboard */,
			);
			path = Storyboards;
			sourceTree = "<group>";
		};
		3AC5896F26E818F40032C58C /* Controllers */ = {
			isa = PBXGroup;
			children = (
				3A85F01C26F6A66000FA29F7 /* TickerPage */,
				3A85F01826F69C5700FA29F7 /* Lists */,
				3A76843C26F3B20B00FA21B2 /* Main Table */,
			);
			path = Controllers;
			sourceTree = "<group>";
		};
		3AC5897026E819080032C58C /* Models */ = {
			isa = PBXGroup;
			children = (
				3AC5897226E81C390032C58C /* IEXModels.swift */,
				3A85F01626F6919D00FA29F7 /* UserModel.swift */,
			);
			path = Models;
			sourceTree = "<group>";
		};
		3AE55D4F26F5512D00BF5913 /* Ticker Preview */ = {
			isa = PBXGroup;
			children = (
				3AC5897C26E8BD850032C58C /* TickerPreviewCell.swift */,
				3AC5897D26E8BD850032C58C /* TickerPreviewCell.xib */,
				3ACD94CF26F5599C00786132 /* HeaderCell.swift */,
				3ACD94D026F5599C00786132 /* HeaderCell.xib */,
				3A99700D26FBFBBD00FA71D1 /* CustomHeader.swift */,
			);
			path = "Ticker Preview";
			sourceTree = "<group>";
		};
		3AF8E21326F8B9DA00428974 /* Network */ = {
			isa = PBXGroup;
			children = (
				3AF8E21426F8B9EB00428974 /* APIManager.swift */,
				3AF8E21826F8BA4800428974 /* IEXAPIManager.swift */,
				3AF8E21626F8BA0A00428974 /* ErrorManager.swift */,
			);
			path = Network;
			sourceTree = "<group>";
		};
/* End PBXGroup section */

/* Begin PBXNativeTarget section */
		3AC5893626E818130032C58C /* ByrdInvest */ = {
			isa = PBXNativeTarget;
			buildConfigurationList = 3AC5896426E818150032C58C /* Build configuration list for PBXNativeTarget "ByrdInvest" */;
			buildPhases = (
				3AC5893326E818130032C58C /* Sources */,
				3AC5893426E818130032C58C /* Frameworks */,
				3AC5893526E818130032C58C /* Resources */,
			);
			buildRules = (
			);
			dependencies = (
			);
			name = ByrdInvest;
			productName = ByrdInvest;
			productReference = 3AC5893726E818130032C58C /* ByrdInvest.app */;
			productType = "com.apple.product-type.application";
		};
		3AC5894F26E818150032C58C /* ByrdInvestTests */ = {
			isa = PBXNativeTarget;
			buildConfigurationList = 3AC5896726E818160032C58C /* Build configuration list for PBXNativeTarget "ByrdInvestTests" */;
			buildPhases = (
				3AC5894C26E818150032C58C /* Sources */,
				3AC5894D26E818150032C58C /* Frameworks */,
				3AC5894E26E818150032C58C /* Resources */,
			);
			buildRules = (
			);
			dependencies = (
				3AC5895226E818150032C58C /* PBXTargetDependency */,
			);
			name = ByrdInvestTests;
			productName = ByrdInvestTests;
			productReference = 3AC5895026E818150032C58C /* ByrdInvestTests.xctest */;
			productType = "com.apple.product-type.bundle.unit-test";
		};
		3AC5895A26E818150032C58C /* ByrdInvestUITests */ = {
			isa = PBXNativeTarget;
			buildConfigurationList = 3AC5896A26E818160032C58C /* Build configuration list for PBXNativeTarget "ByrdInvestUITests" */;
			buildPhases = (
				3AC5895726E818150032C58C /* Sources */,
				3AC5895826E818150032C58C /* Frameworks */,
				3AC5895926E818150032C58C /* Resources */,
			);
			buildRules = (
			);
			dependencies = (
				3AC5895D26E818150032C58C /* PBXTargetDependency */,
			);
			name = ByrdInvestUITests;
			productName = ByrdInvestUITests;
			productReference = 3AC5895B26E818150032C58C /* ByrdInvestUITests.xctest */;
			productType = "com.apple.product-type.bundle.ui-testing";
		};
/* End PBXNativeTarget section */

/* Begin PBXProject section */
		3AC5892F26E818130032C58C /* Project object */ = {
			isa = PBXProject;
			attributes = {
				LastSwiftUpdateCheck = 1250;
				LastUpgradeCheck = 1250;
				TargetAttributes = {
					3AC5893626E818130032C58C = {
						CreatedOnToolsVersion = 12.5.1;
					};
					3AC5894F26E818150032C58C = {
						CreatedOnToolsVersion = 12.5.1;
						TestTargetID = 3AC5893626E818130032C58C;
					};
					3AC5895A26E818150032C58C = {
						CreatedOnToolsVersion = 12.5.1;
						TestTargetID = 3AC5893626E818130032C58C;
					};
				};
			};
			buildConfigurationList = 3AC5893226E818130032C58C /* Build configuration list for PBXProject "ByrdInvest" */;
			compatibilityVersion = "Xcode 9.3";
			developmentRegion = en;
			hasScannedForEncodings = 0;
			knownRegions = (
				en,
				Base,
			);
			mainGroup = 3AC5892E26E818130032C58C;
			productRefGroup = 3AC5893826E818130032C58C /* Products */;
			projectDirPath = "";
			projectRoot = "";
			targets = (
				3AC5893626E818130032C58C /* ByrdInvest */,
				3AC5894F26E818150032C58C /* ByrdInvestTests */,
				3AC5895A26E818150032C58C /* ByrdInvestUITests */,
			);
		};
/* End PBXProject section */

/* Begin PBXResourcesBuildPhase section */
		3AC5893526E818130032C58C /* Resources */ = {
			isa = PBXResourcesBuildPhase;
			buildActionMask = 2147483647;
			files = (
				3ACD94D226F5599C00786132 /* HeaderCell.xib in Resources */,
				3A46195126F4E405000ABA67 /* ListsCollectionViewCell.xib in Resources */,
				3AC5894A26E818150032C58C /* LaunchScreen.storyboard in Resources */,
				3AC5894726E818150032C58C /* Assets.xcassets in Resources */,
				3AC5897F26E8BD850032C58C /* TickerPreviewCell.xib in Resources */,
				3AC5894226E818130032C58C /* Main.storyboard in Resources */,
			);
			runOnlyForDeploymentPostprocessing = 0;
		};
		3AC5894E26E818150032C58C /* Resources */ = {
			isa = PBXResourcesBuildPhase;
			buildActionMask = 2147483647;
			files = (
			);
			runOnlyForDeploymentPostprocessing = 0;
		};
		3AC5895926E818150032C58C /* Resources */ = {
			isa = PBXResourcesBuildPhase;
			buildActionMask = 2147483647;
			files = (
			);
			runOnlyForDeploymentPostprocessing = 0;
		};
/* End PBXResourcesBuildPhase section */

/* Begin PBXSourcesBuildPhase section */
		3AC5893326E818130032C58C /* Sources */ = {
			isa = PBXSourcesBuildPhase;
			buildActionMask = 2147483647;
			files = (
				3AC5897326E81C390032C58C /* IEXModels.swift in Sources */,
				3AF8E21726F8BA0B00428974 /* ErrorManager.swift in Sources */,
				3ACD94D126F5599C00786132 /* HeaderCell.swift in Sources */,
				3AF8E21926F8BA4800428974 /* IEXAPIManager.swift in Sources */,
				3A46195426F4E6CC000ABA67 /* MainTableViewController.swift in Sources */,
				3A46195026F4E405000ABA67 /* ListsCollectionViewCell.swift in Sources */,
				3AC5894526E818130032C58C /* ByrdInvest.xcdatamodeld in Sources */,
				3AC5893B26E818130032C58C /* AppDelegate.swift in Sources */,
				3AC5897E26E8BD850032C58C /* TickerPreviewCell.swift in Sources */,
				3A85F01A26F69C8600FA29F7 /* ListTableViewController.swift in Sources */,
				3A85F01726F6919D00FA29F7 /* UserModel.swift in Sources */,
				3AF8E21526F8B9EB00428974 /* APIManager.swift in Sources */,
				3A85F01E26F6A67E00FA29F7 /* TickerViewController.swift in Sources */,
				3AC5893D26E818130032C58C /* SceneDelegate.swift in Sources */,
				3A99700E26FBFBBD00FA71D1 /* CustomHeader.swift in Sources */,
			);
			runOnlyForDeploymentPostprocessing = 0;
		};
		3AC5894C26E818150032C58C /* Sources */ = {
			isa = PBXSourcesBuildPhase;
			buildActionMask = 2147483647;
			files = (
				3AC5895526E818150032C58C /* ByrdInvestTests.swift in Sources */,
			);
			runOnlyForDeploymentPostprocessing = 0;
		};
		3AC5895726E818150032C58C /* Sources */ = {
			isa = PBXSourcesBuildPhase;
			buildActionMask = 2147483647;
			files = (
				3AC5896026E818150032C58C /* ByrdInvestUITests.swift in Sources */,
			);
			runOnlyForDeploymentPostprocessing = 0;
		};
/* End PBXSourcesBuildPhase section */

/* Begin PBXTargetDependency section */
		3AC5895226E818150032C58C /* PBXTargetDependency */ = {
			isa = PBXTargetDependency;
			target = 3AC5893626E818130032C58C /* ByrdInvest */;
			targetProxy = 3AC5895126E818150032C58C /* PBXContainerItemProxy */;
		};
		3AC5895D26E818150032C58C /* PBXTargetDependency */ = {
			isa = PBXTargetDependency;
			target = 3AC5893626E818130032C58C /* ByrdInvest */;
			targetProxy = 3AC5895C26E818150032C58C /* PBXContainerItemProxy */;
		};
/* End PBXTargetDependency section */

/* Begin PBXVariantGroup section */
		3AC5894026E818130032C58C /* Main.storyboard */ = {
			isa = PBXVariantGroup;
			children = (
				3AC5894126E818130032C58C /* Base */,
			);
			name = Main.storyboard;
			sourceTree = "<group>";
		};
		3AC5894826E818150032C58C /* LaunchScreen.storyboard */ = {
			isa = PBXVariantGroup;
			children = (
				3AC5894926E818150032C58C /* Base */,
			);
			name = LaunchScreen.storyboard;
			sourceTree = "<group>";
		};
/* End PBXVariantGroup section */

/* Begin XCBuildConfiguration section */
		3AC5896226E818150032C58C /* Debug */ = {
			isa = XCBuildConfiguration;
			buildSettings = {
				ALWAYS_SEARCH_USER_PATHS = NO;
				CLANG_ANALYZER_NONNULL = YES;
				CLANG_ANALYZER_NUMBER_OBJECT_CONVERSION = YES_AGGRESSIVE;
				CLANG_CXX_LANGUAGE_STANDARD = "gnu++14";
				CLANG_CXX_LIBRARY = "libc++";
				CLANG_ENABLE_MODULES = YES;
				CLANG_ENABLE_OBJC_ARC = YES;
				CLANG_ENABLE_OBJC_WEAK = YES;
				CLANG_WARN_BLOCK_CAPTURE_AUTORELEASING = YES;
				CLANG_WARN_BOOL_CONVERSION = YES;
				CLANG_WARN_COMMA = YES;
				CLANG_WARN_CONSTANT_CONVERSION = YES;
				CLANG_WARN_DEPRECATED_OBJC_IMPLEMENTATIONS = YES;
				CLANG_WARN_DIRECT_OBJC_ISA_USAGE = YES_ERROR;
				CLANG_WARN_DOCUMENTATION_COMMENTS = YES;
				CLANG_WARN_EMPTY_BODY = YES;
				CLANG_WARN_ENUM_CONVERSION = YES;
				CLANG_WARN_INFINITE_RECURSION = YES;
				CLANG_WARN_INT_CONVERSION = YES;
				CLANG_WARN_NON_LITERAL_NULL_CONVERSION = YES;
				CLANG_WARN_OBJC_IMPLICIT_RETAIN_SELF = YES;
				CLANG_WARN_OBJC_LITERAL_CONVERSION = YES;
				CLANG_WARN_OBJC_ROOT_CLASS = YES_ERROR;
				CLANG_WARN_QUOTED_INCLUDE_IN_FRAMEWORK_HEADER = YES;
				CLANG_WARN_RANGE_LOOP_ANALYSIS = YES;
				CLANG_WARN_STRICT_PROTOTYPES = YES;
				CLANG_WARN_SUSPICIOUS_MOVE = YES;
				CLANG_WARN_UNGUARDED_AVAILABILITY = YES_AGGRESSIVE;
				CLANG_WARN_UNREACHABLE_CODE = YES;
				CLANG_WARN__DUPLICATE_METHOD_MATCH = YES;
				COPY_PHASE_STRIP = NO;
				DEBUG_INFORMATION_FORMAT = dwarf;
				ENABLE_STRICT_OBJC_MSGSEND = YES;
				ENABLE_TESTABILITY = YES;
				GCC_C_LANGUAGE_STANDARD = gnu11;
				GCC_DYNAMIC_NO_PIC = NO;
				GCC_NO_COMMON_BLOCKS = YES;
				GCC_OPTIMIZATION_LEVEL = 0;
				GCC_PREPROCESSOR_DEFINITIONS = (
					"DEBUG=1",
					"$(inherited)",
				);
				GCC_WARN_64_TO_32_BIT_CONVERSION = YES;
				GCC_WARN_ABOUT_RETURN_TYPE = YES_ERROR;
				GCC_WARN_UNDECLARED_SELECTOR = YES;
				GCC_WARN_UNINITIALIZED_AUTOS = YES_AGGRESSIVE;
				GCC_WARN_UNUSED_FUNCTION = YES;
				GCC_WARN_UNUSED_VARIABLE = YES;
				IPHONEOS_DEPLOYMENT_TARGET = 14.5;
				MTL_ENABLE_DEBUG_INFO = INCLUDE_SOURCE;
				MTL_FAST_MATH = YES;
				ONLY_ACTIVE_ARCH = YES;
				SDKROOT = iphoneos;
				SWIFT_ACTIVE_COMPILATION_CONDITIONS = DEBUG;
				SWIFT_OPTIMIZATION_LEVEL = "-Onone";
			};
			name = Debug;
		};
		3AC5896326E818150032C58C /* Release */ = {
			isa = XCBuildConfiguration;
			buildSettings = {
				ALWAYS_SEARCH_USER_PATHS = NO;
				CLANG_ANALYZER_NONNULL = YES;
				CLANG_ANALYZER_NUMBER_OBJECT_CONVERSION = YES_AGGRESSIVE;
				CLANG_CXX_LANGUAGE_STANDARD = "gnu++14";
				CLANG_CXX_LIBRARY = "libc++";
				CLANG_ENABLE_MODULES = YES;
				CLANG_ENABLE_OBJC_ARC = YES;
				CLANG_ENABLE_OBJC_WEAK = YES;
				CLANG_WARN_BLOCK_CAPTURE_AUTORELEASING = YES;
				CLANG_WARN_BOOL_CONVERSION = YES;
				CLANG_WARN_COMMA = YES;
				CLANG_WARN_CONSTANT_CONVERSION = YES;
				CLANG_WARN_DEPRECATED_OBJC_IMPLEMENTATIONS = YES;
				CLANG_WARN_DIRECT_OBJC_ISA_USAGE = YES_ERROR;
				CLANG_WARN_DOCUMENTATION_COMMENTS = YES;
				CLANG_WARN_EMPTY_BODY = YES;
				CLANG_WARN_ENUM_CONVERSION = YES;
				CLANG_WARN_INFINITE_RECURSION = YES;
				CLANG_WARN_INT_CONVERSION = YES;
				CLANG_WARN_NON_LITERAL_NULL_CONVERSION = YES;
				CLANG_WARN_OBJC_IMPLICIT_RETAIN_SELF = YES;
				CLANG_WARN_OBJC_LITERAL_CONVERSION = YES;
				CLANG_WARN_OBJC_ROOT_CLASS = YES_ERROR;
				CLANG_WARN_QUOTED_INCLUDE_IN_FRAMEWORK_HEADER = YES;
				CLANG_WARN_RANGE_LOOP_ANALYSIS = YES;
				CLANG_WARN_STRICT_PROTOTYPES = YES;
				CLANG_WARN_SUSPICIOUS_MOVE = YES;
				CLANG_WARN_UNGUARDED_AVAILABILITY = YES_AGGRESSIVE;
				CLANG_WARN_UNREACHABLE_CODE = YES;
				CLANG_WARN__DUPLICATE_METHOD_MATCH = YES;
				COPY_PHASE_STRIP = NO;
				DEBUG_INFORMATION_FORMAT = "dwarf-with-dsym";
				ENABLE_NS_ASSERTIONS = NO;
				ENABLE_STRICT_OBJC_MSGSEND = YES;
				GCC_C_LANGUAGE_STANDARD = gnu11;
				GCC_NO_COMMON_BLOCKS = YES;
				GCC_WARN_64_TO_32_BIT_CONVERSION = YES;
				GCC_WARN_ABOUT_RETURN_TYPE = YES_ERROR;
				GCC_WARN_UNDECLARED_SELECTOR = YES;
				GCC_WARN_UNINITIALIZED_AUTOS = YES_AGGRESSIVE;
				GCC_WARN_UNUSED_FUNCTION = YES;
				GCC_WARN_UNUSED_VARIABLE = YES;
				IPHONEOS_DEPLOYMENT_TARGET = 14.5;
				MTL_ENABLE_DEBUG_INFO = NO;
				MTL_FAST_MATH = YES;
				SDKROOT = iphoneos;
				SWIFT_COMPILATION_MODE = wholemodule;
				SWIFT_OPTIMIZATION_LEVEL = "-O";
				VALIDATE_PRODUCT = YES;
			};
			name = Release;
		};
		3AC5896526E818150032C58C /* Debug */ = {
			isa = XCBuildConfiguration;
			buildSettings = {
				ASSETCATALOG_COMPILER_APPICON_NAME = AppIcon;
				ASSETCATALOG_COMPILER_GLOBAL_ACCENT_COLOR_NAME = AccentColor;
				CODE_SIGN_STYLE = Automatic;
				DEVELOPMENT_TEAM = QX89BX85GD;
				INFOPLIST_FILE = ByrdInvest/App/Info.plist;
				LD_RUNPATH_SEARCH_PATHS = (
					"$(inherited)",
					"@executable_path/Frameworks",
				);
				PRODUCT_BUNDLE_IDENTIFIER = bbetsey.ByrdInvest;
				PRODUCT_NAME = "$(TARGET_NAME)";
				SWIFT_VERSION = 5.0;
				TARGETED_DEVICE_FAMILY = 1;
			};
			name = Debug;
		};
		3AC5896626E818150032C58C /* Release */ = {
			isa = XCBuildConfiguration;
			buildSettings = {
				ASSETCATALOG_COMPILER_APPICON_NAME = AppIcon;
				ASSETCATALOG_COMPILER_GLOBAL_ACCENT_COLOR_NAME = AccentColor;
				CODE_SIGN_STYLE = Automatic;
				DEVELOPMENT_TEAM = QX89BX85GD;
				INFOPLIST_FILE = ByrdInvest/App/Info.plist;
				LD_RUNPATH_SEARCH_PATHS = (
					"$(inherited)",
					"@executable_path/Frameworks",
				);
				PRODUCT_BUNDLE_IDENTIFIER = bbetsey.ByrdInvest;
				PRODUCT_NAME = "$(TARGET_NAME)";
				SWIFT_VERSION = 5.0;
				TARGETED_DEVICE_FAMILY = 1;
			};
			name = Release;
		};
		3AC5896826E818160032C58C /* Debug */ = {
			isa = XCBuildConfiguration;
			buildSettings = {
				ALWAYS_EMBED_SWIFT_STANDARD_LIBRARIES = YES;
				BUNDLE_LOADER = "$(TEST_HOST)";
				CODE_SIGN_STYLE = Automatic;
				DEVELOPMENT_TEAM = QX89BX85GD;
				INFOPLIST_FILE = ByrdInvestTests/Info.plist;
				IPHONEOS_DEPLOYMENT_TARGET = 14.5;
				LD_RUNPATH_SEARCH_PATHS = (
					"$(inherited)",
					"@executable_path/Frameworks",
					"@loader_path/Frameworks",
				);
				PRODUCT_BUNDLE_IDENTIFIER = bbetsey.ByrdInvestTests;
				PRODUCT_NAME = "$(TARGET_NAME)";
				SWIFT_VERSION = 5.0;
				TARGETED_DEVICE_FAMILY = "1,2";
				TEST_HOST = "$(BUILT_PRODUCTS_DIR)/ByrdInvest.app/ByrdInvest";
			};
			name = Debug;
		};
		3AC5896926E818160032C58C /* Release */ = {
			isa = XCBuildConfiguration;
			buildSettings = {
				ALWAYS_EMBED_SWIFT_STANDARD_LIBRARIES = YES;
				BUNDLE_LOADER = "$(TEST_HOST)";
				CODE_SIGN_STYLE = Automatic;
				DEVELOPMENT_TEAM = QX89BX85GD;
				INFOPLIST_FILE = ByrdInvestTests/Info.plist;
				IPHONEOS_DEPLOYMENT_TARGET = 14.5;
				LD_RUNPATH_SEARCH_PATHS = (
					"$(inherited)",
					"@executable_path/Frameworks",
					"@loader_path/Frameworks",
				);
				PRODUCT_BUNDLE_IDENTIFIER = bbetsey.ByrdInvestTests;
				PRODUCT_NAME = "$(TARGET_NAME)";
				SWIFT_VERSION = 5.0;
				TARGETED_DEVICE_FAMILY = "1,2";
				TEST_HOST = "$(BUILT_PRODUCTS_DIR)/ByrdInvest.app/ByrdInvest";
			};
			name = Release;
		};
		3AC5896B26E818160032C58C /* Debug */ = {
			isa = XCBuildConfiguration;
			buildSettings = {
				ALWAYS_EMBED_SWIFT_STANDARD_LIBRARIES = YES;
				CODE_SIGN_STYLE = Automatic;
				DEVELOPMENT_TEAM = QX89BX85GD;
				INFOPLIST_FILE = ByrdInvestUITests/Info.plist;
				LD_RUNPATH_SEARCH_PATHS = (
					"$(inherited)",
					"@executable_path/Frameworks",
					"@loader_path/Frameworks",
				);
				PRODUCT_BUNDLE_IDENTIFIER = bbetsey.ByrdInvestUITests;
				PRODUCT_NAME = "$(TARGET_NAME)";
				SWIFT_VERSION = 5.0;
				TARGETED_DEVICE_FAMILY = "1,2";
				TEST_TARGET_NAME = ByrdInvest;
			};
			name = Debug;
		};
		3AC5896C26E818160032C58C /* Release */ = {
			isa = XCBuildConfiguration;
			buildSettings = {
				ALWAYS_EMBED_SWIFT_STANDARD_LIBRARIES = YES;
				CODE_SIGN_STYLE = Automatic;
				DEVELOPMENT_TEAM = QX89BX85GD;
				INFOPLIST_FILE = ByrdInvestUITests/Info.plist;
				LD_RUNPATH_SEARCH_PATHS = (
					"$(inherited)",
					"@executable_path/Frameworks",
					"@loader_path/Frameworks",
				);
				PRODUCT_BUNDLE_IDENTIFIER = bbetsey.ByrdInvestUITests;
				PRODUCT_NAME = "$(TARGET_NAME)";
				SWIFT_VERSION = 5.0;
				TARGETED_DEVICE_FAMILY = "1,2";
				TEST_TARGET_NAME = ByrdInvest;
			};
			name = Release;
		};
/* End XCBuildConfiguration section */

/* Begin XCConfigurationList section */
		3AC5893226E818130032C58C /* Build configuration list for PBXProject "ByrdInvest" */ = {
			isa = XCConfigurationList;
			buildConfigurations = (
				3AC5896226E818150032C58C /* Debug */,
				3AC5896326E818150032C58C /* Release */,
			);
			defaultConfigurationIsVisible = 0;
			defaultConfigurationName = Release;
		};
		3AC5896426E818150032C58C /* Build configuration list for PBXNativeTarget "ByrdInvest" */ = {
			isa = XCConfigurationList;
			buildConfigurations = (
				3AC5896526E818150032C58C /* Debug */,
				3AC5896626E818150032C58C /* Release */,
			);
			defaultConfigurationIsVisible = 0;
			defaultConfigurationName = Release;
		};
		3AC5896726E818160032C58C /* Build configuration list for PBXNativeTarget "ByrdInvestTests" */ = {
			isa = XCConfigurationList;
			buildConfigurations = (
				3AC5896826E818160032C58C /* Debug */,
				3AC5896926E818160032C58C /* Release */,
			);
			defaultConfigurationIsVisible = 0;
			defaultConfigurationName = Release;
		};
		3AC5896A26E818160032C58C /* Build configuration list for PBXNativeTarget "ByrdInvestUITests" */ = {
			isa = XCConfigurationList;
			buildConfigurations = (
				3AC5896B26E818160032C58C /* Debug */,
				3AC5896C26E818160032C58C /* Release */,
			);
			defaultConfigurationIsVisible = 0;
			defaultConfigurationName = Release;
		};
/* End XCConfigurationList section */

/* Begin XCVersionGroup section */
		3AC5894326E818130032C58C /* ByrdInvest.xcdatamodeld */ = {
			isa = XCVersionGroup;
			children = (
				3AC5894426E818130032C58C /* ByrdInvest.xcdatamodel */,
			);
			currentVersion = 3AC5894426E818130032C58C /* ByrdInvest.xcdatamodel */;
			path = ByrdInvest.xcdatamodeld;
			sourceTree = "<group>";
			versionGroupType = wrapper.xcdatamodel;
		};
/* End XCVersionGroup section */
	};
	rootObject = 3AC5892F26E818130032C58C /* Project object */;
}
